
Microsoft Visual Studio Solution File, Format Version 12.00
# Visual Studio Version 16
VisualStudioVersion = 16.0.31321.278
MinimumVisualStudioVersion = 10.0.40219.1
Project("{FAE04EC0-301F-11D3-BF4B-00C04F79EFBC}") = "JSONChallenge", "JSONChallenge\JSONChallenge.csproj", "{B681E82B-BCEB-4DFD-8778-D9BF808D77CC}"
EndProject
Global
	GlobalSection(SolutionConfigurationPlatforms) = preSolution
		Debug|Any CPU = Debug|Any CPU
		Release|Any CPU = Release|Any CPU
	EndGlobalSection
	GlobalSection(ProjectConfigurationPlatforms) = postSolution
		{B681E82B-BCEB-4DFD-8778-D9BF808D77CC}.Debug|Any CPU.ActiveCfg = Debug|Any CPU
		{B681E82B-BCEB-4DFD-8778-D9BF808D77CC}.Debug|Any CPU.Build.0 = Debug|Any CPU
		{B681E82B-BCEB-4DFD-8778-D9BF808D77CC}.Release|Any CPU.ActiveCfg = Release|Any CPU
		{B681E82B-BCEB-4DFD-8778-D9BF808D77CC}.Release|Any CPU.Build.0 = Release|Any CPU
	EndGlobalSection
	GlobalSection(SolutionProperties) = preSolution
		HideSolutionNode = FALSE
	EndGlobalSection
	GlobalSection(ExtensibilityGlobals) = postSolution
		SolutionGuid = {EF3EC5D7-BDA8-42B9-BF23-004699D70999}
	EndGlobalSection
EndGlobal
